
Microsoft Visual Studio Solution File, Format Version 12.00
# Visual Studio Version 17
VisualStudioVersion = 17.11.35312.102
MinimumVisualStudioVersion = 10.0.40219.1
Project("{FAE04EC0-301F-11D3-BF4B-00C04F79EFBC}") = "Demo_UI_VectorGraphic", "Demo_UI_VectorGraphic\Demo_UI_VectorGraphic.csproj", "{40283C33-5024-4F64-8CF0-17A47243992A}"
EndProject
Global
	GlobalSection(SolutionConfigurationPlatforms) = preSolution
		Debug|Any CPU = Debug|Any CPU
		Release|Any CPU = Release|Any CPU
	EndGlobalSection
	GlobalSection(ProjectConfigurationPlatforms) = postSolution
		{40283C33-5024-4F64-8CF0-17A47243992A}.Debug|Any CPU.ActiveCfg = Debug|Any CPU
		{40283C33-5024-4F64-8CF0-17A47243992A}.Debug|Any CPU.Build.0 = Debug|Any CPU
		{40283C33-5024-4F64-8CF0-17A47243992A}.Release|Any CPU.ActiveCfg = Release|Any CPU
		{40283C33-5024-4F64-8CF0-17A47243992A}.Release|Any CPU.Build.0 = Release|Any CPU
	EndGlobalSection
	GlobalSection(SolutionProperties) = preSolution
		HideSolutionNode = FALSE
	EndGlobalSection
	GlobalSection(ExtensibilityGlobals) = postSolution
		SolutionGuid = {06F892A6-6BDE-41E8-AF30-3A9B04B064C2}
	EndGlobalSection
EndGlobal
