
Microsoft Visual Studio Solution File, Format Version 12.00
# Visual Studio Version 17
VisualStudioVersion = 17.11.35312.102
MinimumVisualStudioVersion = 10.0.40219.1
Project("{FAE04EC0-301F-11D3-BF4B-00C04F79EFBC}") = "GUI_QLTV", "GUI_QLTV\GUI_QLTV.csproj", "{57E605FF-2C09-4B9D-ABFE-34798DFAFD38}"
EndProject
Global
	GlobalSection(SolutionConfigurationPlatforms) = preSolution
		Debug|Any CPU = Debug|Any CPU
		Release|Any CPU = Release|Any CPU
	EndGlobalSection
	GlobalSection(ProjectConfigurationPlatforms) = postSolution
		{57E605FF-2C09-4B9D-ABFE-34798DFAFD38}.Debug|Any CPU.ActiveCfg = Debug|Any CPU
		{57E605FF-2C09-4B9D-ABFE-34798DFAFD38}.Debug|Any CPU.Build.0 = Debug|Any CPU
		{57E605FF-2C09-4B9D-ABFE-34798DFAFD38}.Release|Any CPU.ActiveCfg = Release|Any CPU
		{57E605FF-2C09-4B9D-ABFE-34798DFAFD38}.Release|Any CPU.Build.0 = Release|Any CPU
	EndGlobalSection
	GlobalSection(SolutionProperties) = preSolution
		HideSolutionNode = FALSE
	EndGlobalSection
	GlobalSection(ExtensibilityGlobals) = postSolution
		SolutionGuid = {60E5A960-E040-4F6E-A286-A3C1BFAFF902}
	EndGlobalSection
EndGlobal
